
Microsoft Visual Studio Solution File, Format Version 12.00
# Visual Studio Version 17
VisualStudioVersion = 17.13.35913.81 d17.13
MinimumVisualStudioVersion = 10.0.40219.1
Project("{FAE04EC0-301F-11D3-BF4B-00C04F79EFBC}") = "Calculator", "Calculator\Calculator.csproj", "{039FADFA-D8D4-4F4F-AB83-3237AEA1DCCD}"
EndProject
Global
	GlobalSection(SolutionConfigurationPlatforms) = preSolution
		Debug|Any CPU = Debug|Any CPU
		Release|Any CPU = Release|Any CPU
	EndGlobalSection
	GlobalSection(ProjectConfigurationPlatforms) = postSolution
		{039FADFA-D8D4-4F4F-AB83-3237AEA1DCCD}.Debug|Any CPU.ActiveCfg = Debug|Any CPU
		{039FADFA-D8D4-4F4F-AB83-3237AEA1DCCD}.Debug|Any CPU.Build.0 = Debug|Any CPU
		{039FADFA-D8D4-4F4F-AB83-3237AEA1DCCD}.Release|Any CPU.ActiveCfg = Release|Any CPU
		{039FADFA-D8D4-4F4F-AB83-3237AEA1DCCD}.Release|Any CPU.Build.0 = Release|Any CPU
	EndGlobalSection
	GlobalSection(SolutionProperties) = preSolution
		HideSolutionNode = FALSE
	EndGlobalSection
	GlobalSection(ExtensibilityGlobals) = postSolution
		SolutionGuid = {043532B8-3B80-4043-A8BF-B2D787C0E97F}
	EndGlobalSection
EndGlobal
